
Microsoft Visual Studio Solution File, Format Version 12.00
# Visual Studio Version 17
VisualStudioVersion = 17.13.35913.81
MinimumVisualStudioVersion = 10.0.40219.1
Project("{FAE04EC0-301F-11D3-BF4B-00C04F79EFBC}") = "Donatello", "Donatello.csproj", "{66CF787E-6936-47E9-BAEE-2FFBE88F6722}"
EndProject
Global
	GlobalSection(SolutionConfigurationPlatforms) = preSolution
		Debug|Any CPU = Debug|Any CPU
		Release|Any CPU = Release|Any CPU
	EndGlobalSection
	GlobalSection(ProjectConfigurationPlatforms) = postSolution
		{66CF787E-6936-47E9-BAEE-2FFBE88F6722}.Debug|Any CPU.ActiveCfg = Debug|Any CPU
		{66CF787E-6936-47E9-BAEE-2FFBE88F6722}.Debug|Any CPU.Build.0 = Debug|Any CPU
		{66CF787E-6936-47E9-BAEE-2FFBE88F6722}.Release|Any CPU.ActiveCfg = Release|Any CPU
		{66CF787E-6936-47E9-BAEE-2FFBE88F6722}.Release|Any CPU.Build.0 = Release|Any CPU
	EndGlobalSection
	GlobalSection(SolutionProperties) = preSolution
		HideSolutionNode = FALSE
	EndGlobalSection
	GlobalSection(ExtensibilityGlobals) = postSolution
		SolutionGuid = {FCFD175F-26B2-4FCB-B941-6B52DD907925}
	EndGlobalSection
EndGlobal
